<?xml version="1.0" encoding="utf-8"?>
<Project ToolsVersion="4.0" xmlns="http://schemas.microsoft.com/developer/msbuild/2003">
  <ItemGroup>
    <Filter Include="Source Files">
      <UniqueIdentifier>{df966726-670d-42a1-8667-ee47c7d9d306}</UniqueIdentifier>
      <Extensions>cpp;c;cxx;rc;def;r;odl;idl;hpj;bat</Extensions>
    </Filter>
    <Filter Include="Header Files">
      <UniqueIdentifier>{48a76b7b-2594-4a37-9fa1-0d1762f9dbc1}</UniqueIdentifier>
      <Extensions>h;hpp;hxx;hm;inl</Extensions>
    </Filter>
    <Filter Include="Resource Files">
      <UniqueIdentifier>{5b1a0b77-edce-44bf-9236-184b16a6557f}</UniqueIdentifier>
      <Extensions>ico;cur;bmp;dlg;rc2;rct;bin;rgs;gif;jpg;jpeg;jpe</Extensions>
    </Filter>
  </ItemGroup>
  <ItemGroup>
    <ClCompile Include="1401140228.cpp">
      <Filter>Source Files</Filter>
    </ClCompile>
    <ClCompile Include="1401140228Doc.cpp">
      <Filter>Source Files</Filter>
    </ClCompile>
    <ClCompile Include="1401140228View.cpp">
      <Filter>Source Files</Filter>
    </ClCompile>
    <ClCompile Include="AET.cpp">
      <Filter>Source Files</Filter>
    </ClCompile>
    <ClCompile Include="Bucket.cpp">
      <Filter>Source Files</Filter>
    </ClCompile>
    <ClCompile Include="CTransform.cpp">
      <Filter>Source Files</Filter>
    </ClCompile>
    <ClCompile Include="Fill.cpp">
      <Filter>Source Files</Filter>
    </ClCompile>
    <ClCompile Include="IN.cpp">
      <Filter>Source Files</Filter>
    </ClCompile>
    <ClCompile Include="Line.cpp">
      <Filter>Source Files</Filter>
    </ClCompile>
    <ClCompile Include="MainFrm.cpp">
      <Filter>Source Files</Filter>
    </ClCompile>
    <ClCompile Include="P2.cpp">
      <Filter>Source Files</Filter>
    </ClCompile>
    <ClCompile Include="Pi2.cpp">
      <Filter>Source Files</Filter>
    </ClCompile>
    <ClCompile Include="RGB.cpp">
      <Filter>Source Files</Filter>
    </ClCompile>
    <ClCompile Include="StdAfx.cpp">
      <Filter>Source Files</Filter>
    </ClCompile>
  </ItemGroup>
  <ItemGroup>
    <ResourceCompile Include="1401140228.rc">
      <Filter>Source Files</Filter>
    </ResourceCompile>
  </ItemGroup>
  <ItemGroup>
    <ClInclude Include="1401140228.h">
      <Filter>Header Files</Filter>
    </ClInclude>
    <ClInclude Include="1401140228Doc.h">
      <Filter>Header Files</Filter>
    </ClInclude>
    <ClInclude Include="1401140228View.h">
      <Filter>Header Files</Filter>
    </ClInclude>
    <ClInclude Include="AET.h">
      <Filter>Header Files</Filter>
    </ClInclude>
    <ClInclude Include="Bucket.h">
      <Filter>Header Files</Filter>
    </ClInclude>
    <ClInclude Include="CTransform.h">
      <Filter>Header Files</Filter>
    </ClInclude>
    <ClInclude Include="Fill.h">
      <Filter>Header Files</Filter>
    </ClInclude>
    <ClInclude Include="IN.h">
      <Filter>Header Files</Filter>
    </ClInclude>
    <ClInclude Include="Line.h">
      <Filter>Header Files</Filter>
    </ClInclude>
    <ClInclude Include="MainFrm.h">
      <Filter>Header Files</Filter>
    </ClInclude>
    <ClInclude Include="P2.h">
      <Filter>Header Files</Filter>
    </ClInclude>
    <ClInclude Include="Pi2.h">
      <Filter>Header Files</Filter>
    </ClInclude>
    <ClInclude Include="Resource.h">
      <Filter>Header Files</Filter>
    </ClInclude>
    <ClInclude Include="RGB.h">
      <Filter>Header Files</Filter>
    </ClInclude>
    <ClInclude Include="StdAfx.h">
      <Filter>Header Files</Filter>
    </ClInclude>
  </ItemGroup>
  <ItemGroup>
    <Image Include="res\1401140228.ico">
      <Filter>Resource Files</Filter>
    </Image>
    <Image Include="res\1401140228Doc.ico">
      <Filter>Resource Files</Filter>
    </Image>
    <Image Include="res\Toolbar.bmp">
      <Filter>Resource Files</Filter>
    </Image>
  </ItemGroup>
  <ItemGroup>
    <Text Include="ReadMe.txt" />
  </ItemGroup>
  <ItemGroup>
    <CustomBuild Include="res\1401140228.rc2">
      <Filter>Resource Files</Filter>
    </CustomBuild>
  </ItemGroup>
</Project>